
Microsoft Visual Studio Solution File, Format Version 12.00
# Visual Studio 14
VisualStudioVersion = 14.0.25420.1
MinimumVisualStudioVersion = 10.0.40219.1
Project("{FAE04EC0-301F-11D3-BF4B-00C04F79EFBC}") = "XamarinOxyPlot.Droid", "XamarinOxyPlot\XamarinOxyPlot.Droid\XamarinOxyPlot.Droid.csproj", "{E6772BEC-3BBD-4451-A8EA-AEC6406D50B2}"
EndProject
Project("{FAE04EC0-301F-11D3-BF4B-00C04F79EFBC}") = "XamarinOxyPlot", "XamarinOxyPlot\XamarinOxyPlot\XamarinOxyPlot.csproj", "{AE266FF1-58BD-4221-A679-2482D7E0CC33}"
EndProject
Project("{FAE04EC0-301F-11D3-BF4B-00C04F79EFBC}") = "XamarinOxyPlot.UWP", "XamarinOxyPlot\XamarinOxyPlot.UWP\XamarinOxyPlot.UWP.csproj", "{E81363BA-E478-49C1-BF96-F79BD368AAE4}"
EndProject
Project("{FAE04EC0-301F-11D3-BF4B-00C04F79EFBC}") = "XamarinOxyPlot.iOS", "XamarinOxyPlot\XamarinOxyPlot.iOS\XamarinOxyPlot.iOS.csproj", "{B8133985-FD28-4795-8253-CA8783781645}"
EndProject
Global
	GlobalSection(SolutionConfigurationPlatforms) = preSolution
		Ad-Hoc|Any CPU = Ad-Hoc|Any CPU
		Ad-Hoc|ARM = Ad-Hoc|ARM
		Ad-Hoc|iPhone = Ad-Hoc|iPhone
		Ad-Hoc|iPhoneSimulator = Ad-Hoc|iPhoneSimulator
		Ad-Hoc|x64 = Ad-Hoc|x64
		Ad-Hoc|x86 = Ad-Hoc|x86
		AppStore|Any CPU = AppStore|Any CPU
		AppStore|ARM = AppStore|ARM
		AppStore|iPhone = AppStore|iPhone
		AppStore|iPhoneSimulator = AppStore|iPhoneSimulator
		AppStore|x64 = AppStore|x64
		AppStore|x86 = AppStore|x86
		Debug|Any CPU = Debug|Any CPU
		Debug|ARM = Debug|ARM
		Debug|iPhone = Debug|iPhone
		Debug|iPhoneSimulator = Debug|iPhoneSimulator
		Debug|x64 = Debug|x64
		Debug|x86 = Debug|x86
		Release|Any CPU = Release|Any CPU
		Release|ARM = Release|ARM
		Release|iPhone = Release|iPhone
		Release|iPhoneSimulator = Release|iPhoneSimulator
		Release|x64 = Release|x64
		Release|x86 = Release|x86
	EndGlobalSection
	GlobalSection(ProjectConfigurationPlatforms) = postSolution
		{E6772BEC-3BBD-4451-A8EA-AEC6406D50B2}.Ad-Hoc|Any CPU.ActiveCfg = Release|Any CPU
		{E6772BEC-3BBD-4451-A8EA-AEC6406D50B2}.Ad-Hoc|Any CPU.Build.0 = Release|Any CPU
		{E6772BEC-3BBD-4451-A8EA-AEC6406D50B2}.Ad-Hoc|Any CPU.Deploy.0 = Release|Any CPU
		{E6772BEC-3BBD-4451-A8EA-AEC6406D50B2}.Ad-Hoc|ARM.ActiveCfg = Release|Any CPU
		{E6772BEC-3BBD-4451-A8EA-AEC6406D50B2}.Ad-Hoc|ARM.Build.0 = Release|Any CPU
		{E6772BEC-3BBD-4451-A8EA-AEC6406D50B2}.Ad-Hoc|ARM.Deploy.0 = Release|Any CPU
		{E6772BEC-3BBD-4451-A8EA-AEC6406D50B2}.Ad-Hoc|iPhone.ActiveCfg = Release|Any CPU
		{E6772BEC-3BBD-4451-A8EA-AEC6406D50B2}.Ad-Hoc|iPhone.Build.0 = Release|Any CPU
		{E6772BEC-3BBD-4451-A8EA-AEC6406D50B2}.Ad-Hoc|iPhone.Deploy.0 = Release|Any CPU
		{E6772BEC-3BBD-4451-A8EA-AEC6406D50B2}.Ad-Hoc|iPhoneSimulator.ActiveCfg = Release|Any CPU
		{E6772BEC-3BBD-4451-A8EA-AEC6406D50B2}.Ad-Hoc|iPhoneSimulator.Build.0 = Release|Any CPU
		{E6772BEC-3BBD-4451-A8EA-AEC6406D50B2}.Ad-Hoc|iPhoneSimulator.Deploy.0 = Release|Any CPU
		{E6772BEC-3BBD-4451-A8EA-AEC6406D50B2}.Ad-Hoc|x64.ActiveCfg = Release|Any CPU
		{E6772BEC-3BBD-4451-A8EA-AEC6406D50B2}.Ad-Hoc|x64.Build.0 = Release|Any CPU
		{E6772BEC-3BBD-4451-A8EA-AEC6406D50B2}.Ad-Hoc|x64.Deploy.0 = Release|Any CPU
		{E6772BEC-3BBD-4451-A8EA-AEC6406D50B2}.Ad-Hoc|x86.ActiveCfg = Release|Any CPU
		{E6772BEC-3BBD-4451-A8EA-AEC6406D50B2}.Ad-Hoc|x86.Build.0 = Release|Any CPU
		{E6772BEC-3BBD-4451-A8EA-AEC6406D50B2}.Ad-Hoc|x86.Deploy.0 = Release|Any CPU
		{E6772BEC-3BBD-4451-A8EA-AEC6406D50B2}.AppStore|Any CPU.ActiveCfg = Release|Any CPU
		{E6772BEC-3BBD-4451-A8EA-AEC6406D50B2}.AppStore|Any CPU.Build.0 = Release|Any CPU
		{E6772BEC-3BBD-4451-A8EA-AEC6406D50B2}.AppStore|Any CPU.Deploy.0 = Release|Any CPU
		{E6772BEC-3BBD-4451-A8EA-AEC6406D50B2}.AppStore|ARM.ActiveCfg = Release|Any CPU
		{E6772BEC-3BBD-4451-A8EA-AEC6406D50B2}.AppStore|ARM.Build.0 = Release|Any CPU
		{E6772BEC-3BBD-4451-A8EA-AEC6406D50B2}.AppStore|ARM.Deploy.0 = Release|Any CPU
		{E6772BEC-3BBD-4451-A8EA-AEC6406D50B2}.AppStore|iPhone.ActiveCfg = Release|Any CPU
		{E6772BEC-3BBD-4451-A8EA-AEC6406D50B2}.AppStore|iPhone.Build.0 = Release|Any CPU
		{E6772BEC-3BBD-4451-A8EA-AEC6406D50B2}.AppStore|iPhone.Deploy.0 = Release|Any CPU
		{E6772BEC-3BBD-4451-A8EA-AEC6406D50B2}.AppStore|iPhoneSimulator.ActiveCfg = Release|Any CPU
		{E6772BEC-3BBD-4451-A8EA-AEC6406D50B2}.AppStore|iPhoneSimulator.Build.0 = Release|Any CPU
		{E6772BEC-3BBD-4451-A8EA-AEC6406D50B2}.AppStore|iPhoneSimulator.Deploy.0 = Release|Any CPU
		{E6772BEC-3BBD-4451-A8EA-AEC6406D50B2}.AppStore|x64.ActiveCfg = Release|Any CPU
		{E6772BEC-3BBD-4451-A8EA-AEC6406D50B2}.AppStore|x64.Build.0 = Release|Any CPU
		{E6772BEC-3BBD-4451-A8EA-AEC6406D50B2}.AppStore|x64.Deploy.0 = Release|Any CPU
		{E6772BEC-3BBD-4451-A8EA-AEC6406D50B2}.AppStore|x86.ActiveCfg = Release|Any CPU
		{E6772BEC-3BBD-4451-A8EA-AEC6406D50B2}.AppStore|x86.Build.0 = Release|Any CPU
		{E6772BEC-3BBD-4451-A8EA-AEC6406D50B2}.AppStore|x86.Deploy.0 = Release|Any CPU
		{E6772BEC-3BBD-4451-A8EA-AEC6406D50B2}.Debug|Any CPU.ActiveCfg = Debug|Any CPU
		{E6772BEC-3BBD-4451-A8EA-AEC6406D50B2}.Debug|Any CPU.Build.0 = Debug|Any CPU
		{E6772BEC-3BBD-4451-A8EA-AEC6406D50B2}.Debug|Any CPU.Deploy.0 = Debug|Any CPU
		{E6772BEC-3BBD-4451-A8EA-AEC6406D50B2}.Debug|ARM.ActiveCfg = Debug|Any CPU
		{E6772BEC-3BBD-4451-A8EA-AEC6406D50B2}.Debug|ARM.Build.0 = Debug|Any CPU
		{E6772BEC-3BBD-4451-A8EA-AEC6406D50B2}.Debug|ARM.Deploy.0 = Debug|Any CPU
		{E6772BEC-3BBD-4451-A8EA-AEC6406D50B2}.Debug|iPhone.ActiveCfg = Debug|Any CPU
		{E6772BEC-3BBD-4451-A8EA-AEC6406D50B2}.Debug|iPhone.Build.0 = Debug|Any CPU
		{E6772BEC-3BBD-4451-A8EA-AEC6406D50B2}.Debug|iPhone.Deploy.0 = Debug|Any CPU
		{E6772BEC-3BBD-4451-A8EA-AEC6406D50B2}.Debug|iPhoneSimulator.ActiveCfg = Debug|Any CPU
		{E6772BEC-3BBD-4451-A8EA-AEC6406D50B2}.Debug|iPhoneSimulator.Build.0 = Debug|Any CPU
		{E6772BEC-3BBD-4451-A8EA-AEC6406D50B2}.Debug|iPhoneSimulator.Deploy.0 = Debug|Any CPU
		{E6772BEC-3BBD-4451-A8EA-AEC6406D50B2}.Debug|x64.ActiveCfg = Debug|Any CPU
		{E6772BEC-3BBD-4451-A8EA-AEC6406D50B2}.Debug|x64.Build.0 = Debug|Any CPU
		{E6772BEC-3BBD-4451-A8EA-AEC6406D50B2}.Debug|x64.Deploy.0 = Debug|Any CPU
		{E6772BEC-3BBD-4451-A8EA-AEC6406D50B2}.Debug|x86.ActiveCfg = Debug|Any CPU
		{E6772BEC-3BBD-4451-A8EA-AEC6406D50B2}.Debug|x86.Build.0 = Debug|Any CPU
		{E6772BEC-3BBD-4451-A8EA-AEC6406D50B2}.Debug|x86.Deploy.0 = Debug|Any CPU
		{E6772BEC-3BBD-4451-A8EA-AEC6406D50B2}.Release|Any CPU.ActiveCfg = Release|Any CPU
		{E6772BEC-3BBD-4451-A8EA-AEC6406D50B2}.Release|Any CPU.Build.0 = Release|Any CPU
		{E6772BEC-3BBD-4451-A8EA-AEC6406D50B2}.Release|Any CPU.Deploy.0 = Release|Any CPU
		{E6772BEC-3BBD-4451-A8EA-AEC6406D50B2}.Release|ARM.ActiveCfg = Release|Any CPU
		{E6772BEC-3BBD-4451-A8EA-AEC6406D50B2}.Release|ARM.Build.0 = Release|Any CPU
		{E6772BEC-3BBD-4451-A8EA-AEC6406D50B2}.Release|ARM.Deploy.0 = Release|Any CPU
		{E6772BEC-3BBD-4451-A8EA-AEC6406D50B2}.Release|iPhone.ActiveCfg = Release|Any CPU
		{E6772BEC-3BBD-4451-A8EA-AEC6406D50B2}.Release|iPhone.Build.0 = Release|Any CPU
		{E6772BEC-3BBD-4451-A8EA-AEC6406D50B2}.Release|iPhone.Deploy.0 = Release|Any CPU
		{E6772BEC-3BBD-4451-A8EA-AEC6406D50B2}.Release|iPhoneSimulator.ActiveCfg = Release|Any CPU
		{E6772BEC-3BBD-4451-A8EA-AEC6406D50B2}.Release|iPhoneSimulator.Build.0 = Release|Any CPU
		{E6772BEC-3BBD-4451-A8EA-AEC6406D50B2}.Release|iPhoneSimulator.Deploy.0 = Release|Any CPU
		{E6772BEC-3BBD-4451-A8EA-AEC6406D50B2}.Release|x64.ActiveCfg = Release|Any CPU
		{E6772BEC-3BBD-4451-A8EA-AEC6406D50B2}.Release|x64.Build.0 = Release|Any CPU
		{E6772BEC-3BBD-4451-A8EA-AEC6406D50B2}.Release|x64.Deploy.0 = Release|Any CPU
		{E6772BEC-3BBD-4451-A8EA-AEC6406D50B2}.Release|x86.ActiveCfg = Release|Any CPU
		{E6772BEC-3BBD-4451-A8EA-AEC6406D50B2}.Release|x86.Build.0 = Release|Any CPU
		{E6772BEC-3BBD-4451-A8EA-AEC6406D50B2}.Release|x86.Deploy.0 = Release|Any CPU
		{AE266FF1-58BD-4221-A679-2482D7E0CC33}.Ad-Hoc|Any CPU.ActiveCfg = Release|Any CPU
		{AE266FF1-58BD-4221-A679-2482D7E0CC33}.Ad-Hoc|Any CPU.Build.0 = Release|Any CPU
		{AE266FF1-58BD-4221-A679-2482D7E0CC33}.Ad-Hoc|ARM.ActiveCfg = Release|Any CPU
		{AE266FF1-58BD-4221-A679-2482D7E0CC33}.Ad-Hoc|ARM.Build.0 = Release|Any CPU
		{AE266FF1-58BD-4221-A679-2482D7E0CC33}.Ad-Hoc|iPhone.ActiveCfg = Release|Any CPU
		{AE266FF1-58BD-4221-A679-2482D7E0CC33}.Ad-Hoc|iPhone.Build.0 = Release|Any CPU
		{AE266FF1-58BD-4221-A679-2482D7E0CC33}.Ad-Hoc|iPhoneSimulator.ActiveCfg = Release|Any CPU
		{AE266FF1-58BD-4221-A679-2482D7E0CC33}.Ad-Hoc|iPhoneSimulator.Build.0 = Release|Any CPU
		{AE266FF1-58BD-4221-A679-2482D7E0CC33}.Ad-Hoc|x64.ActiveCfg = Release|Any CPU
		{AE266FF1-58BD-4221-A679-2482D7E0CC33}.Ad-Hoc|x64.Build.0 = Release|Any CPU
		{AE266FF1-58BD-4221-A679-2482D7E0CC33}.Ad-Hoc|x86.ActiveCfg = Release|Any CPU
		{AE266FF1-58BD-4221-A679-2482D7E0CC33}.Ad-Hoc|x86.Build.0 = Release|Any CPU
		{AE266FF1-58BD-4221-A679-2482D7E0CC33}.AppStore|Any CPU.ActiveCfg = Release|Any CPU
		{AE266FF1-58BD-4221-A679-2482D7E0CC33}.AppStore|Any CPU.Build.0 = Release|Any CPU
		{AE266FF1-58BD-4221-A679-2482D7E0CC33}.AppStore|ARM.ActiveCfg = Release|Any CPU
		{AE266FF1-58BD-4221-A679-2482D7E0CC33}.AppStore|ARM.Build.0 = Release|Any CPU
		{AE266FF1-58BD-4221-A679-2482D7E0CC33}.AppStore|iPhone.ActiveCfg = Release|Any CPU
		{AE266FF1-58BD-4221-A679-2482D7E0CC33}.AppStore|iPhone.Build.0 = Release|Any CPU
		{AE266FF1-58BD-4221-A679-2482D7E0CC33}.AppStore|iPhoneSimulator.ActiveCfg = Release|Any CPU
		{AE266FF1-58BD-4221-A679-2482D7E0CC33}.AppStore|iPhoneSimulator.Build.0 = Release|Any CPU
		{AE266FF1-58BD-4221-A679-2482D7E0CC33}.AppStore|x64.ActiveCfg = Release|Any CPU
		{AE266FF1-58BD-4221-A679-2482D7E0CC33}.AppStore|x64.Build.0 = Release|Any CPU
		{AE266FF1-58BD-4221-A679-2482D7E0CC33}.AppStore|x86.ActiveCfg = Release|Any CPU
		{AE266FF1-58BD-4221-A679-2482D7E0CC33}.AppStore|x86.Build.0 = Release|Any CPU
		{AE266FF1-58BD-4221-A679-2482D7E0CC33}.Debug|Any CPU.ActiveCfg = Debug|Any CPU
		{AE266FF1-58BD-4221-A679-2482D7E0CC33}.Debug|Any CPU.Build.0 = Debug|Any CPU
		{AE266FF1-58BD-4221-A679-2482D7E0CC33}.Debug|ARM.ActiveCfg = Debug|Any CPU
		{AE266FF1-58BD-4221-A679-2482D7E0CC33}.Debug|ARM.Build.0 = Debug|Any CPU
		{AE266FF1-58BD-4221-A679-2482D7E0CC33}.Debug|iPhone.ActiveCfg = Debug|Any CPU
		{AE266FF1-58BD-4221-A679-2482D7E0CC33}.Debug|iPhone.Build.0 = Debug|Any CPU
		{AE266FF1-58BD-4221-A679-2482D7E0CC33}.Debug|iPhoneSimulator.ActiveCfg = Debug|Any CPU
		{AE266FF1-58BD-4221-A679-2482D7E0CC33}.Debug|iPhoneSimulator.Build.0 = Debug|Any CPU
		{AE266FF1-58BD-4221-A679-2482D7E0CC33}.Debug|x64.ActiveCfg = Debug|Any CPU
		{AE266FF1-58BD-4221-A679-2482D7E0CC33}.Debug|x64.Build.0 = Debug|Any CPU
		{AE266FF1-58BD-4221-A679-2482D7E0CC33}.Debug|x86.ActiveCfg = Debug|Any CPU
		{AE266FF1-58BD-4221-A679-2482D7E0CC33}.Debug|x86.Build.0 = Debug|Any CPU
		{AE266FF1-58BD-4221-A679-2482D7E0CC33}.Release|Any CPU.ActiveCfg = Release|Any CPU
		{AE266FF1-58BD-4221-A679-2482D7E0CC33}.Release|Any CPU.Build.0 = Release|Any CPU
		{AE266FF1-58BD-4221-A679-2482D7E0CC33}.Release|ARM.ActiveCfg = Release|Any CPU
		{AE266FF1-58BD-4221-A679-2482D7E0CC33}.Release|ARM.Build.0 = Release|Any CPU
		{AE266FF1-58BD-4221-A679-2482D7E0CC33}.Release|iPhone.ActiveCfg = Release|Any CPU
		{AE266FF1-58BD-4221-A679-2482D7E0CC33}.Release|iPhone.Build.0 = Release|Any CPU
		{AE266FF1-58BD-4221-A679-2482D7E0CC33}.Release|iPhoneSimulator.ActiveCfg = Release|Any CPU
		{AE266FF1-58BD-4221-A679-2482D7E0CC33}.Release|iPhoneSimulator.Build.0 = Release|Any CPU
		{AE266FF1-58BD-4221-A679-2482D7E0CC33}.Release|x64.ActiveCfg = Release|Any CPU
		{AE266FF1-58BD-4221-A679-2482D7E0CC33}.Release|x64.Build.0 = Release|Any CPU
		{AE266FF1-58BD-4221-A679-2482D7E0CC33}.Release|x86.ActiveCfg = Release|Any CPU
		{AE266FF1-58BD-4221-A679-2482D7E0CC33}.Release|x86.Build.0 = Release|Any CPU
		{E81363BA-E478-49C1-BF96-F79BD368AAE4}.Ad-Hoc|Any CPU.ActiveCfg = Release|x86
		{E81363BA-E478-49C1-BF96-F79BD368AAE4}.Ad-Hoc|Any CPU.Build.0 = Release|x86
		{E81363BA-E478-49C1-BF96-F79BD368AAE4}.Ad-Hoc|Any CPU.Deploy.0 = Release|x86
		{E81363BA-E478-49C1-BF96-F79BD368AAE4}.Ad-Hoc|ARM.ActiveCfg = Release|ARM
		{E81363BA-E478-49C1-BF96-F79BD368AAE4}.Ad-Hoc|ARM.Build.0 = Release|ARM
		{E81363BA-E478-49C1-BF96-F79BD368AAE4}.Ad-Hoc|ARM.Deploy.0 = Release|ARM
		{E81363BA-E478-49C1-BF96-F79BD368AAE4}.Ad-Hoc|iPhone.ActiveCfg = Release|x86
		{E81363BA-E478-49C1-BF96-F79BD368AAE4}.Ad-Hoc|iPhone.Build.0 = Release|x86
		{E81363BA-E478-49C1-BF96-F79BD368AAE4}.Ad-Hoc|iPhone.Deploy.0 = Release|x86
		{E81363BA-E478-49C1-BF96-F79BD368AAE4}.Ad-Hoc|iPhoneSimulator.ActiveCfg = Release|x86
		{E81363BA-E478-49C1-BF96-F79BD368AAE4}.Ad-Hoc|iPhoneSimulator.Build.0 = Release|x86
		{E81363BA-E478-49C1-BF96-F79BD368AAE4}.Ad-Hoc|iPhoneSimulator.Deploy.0 = Release|x86
		{E81363BA-E478-49C1-BF96-F79BD368AAE4}.Ad-Hoc|x64.ActiveCfg = Release|x64
		{E81363BA-E478-49C1-BF96-F79BD368AAE4}.Ad-Hoc|x64.Build.0 = Release|x64
		{E81363BA-E478-49C1-BF96-F79BD368AAE4}.Ad-Hoc|x64.Deploy.0 = Release|x64
		{E81363BA-E478-49C1-BF96-F79BD368AAE4}.Ad-Hoc|x86.ActiveCfg = Release|x86
		{E81363BA-E478-49C1-BF96-F79BD368AAE4}.Ad-Hoc|x86.Build.0 = Release|x86
		{E81363BA-E478-49C1-BF96-F79BD368AAE4}.Ad-Hoc|x86.Deploy.0 = Release|x86
		{E81363BA-E478-49C1-BF96-F79BD368AAE4}.AppStore|Any CPU.ActiveCfg = Release|x86
		{E81363BA-E478-49C1-BF96-F79BD368AAE4}.AppStore|Any CPU.Build.0 = Release|x86
		{E81363BA-E478-49C1-BF96-F79BD368AAE4}.AppStore|Any CPU.Deploy.0 = Release|x86
		{E81363BA-E478-49C1-BF96-F79BD368AAE4}.AppStore|ARM.ActiveCfg = Release|ARM
		{E81363BA-E478-49C1-BF96-F79BD368AAE4}.AppStore|ARM.Build.0 = Release|ARM
		{E81363BA-E478-49C1-BF96-F79BD368AAE4}.AppStore|ARM.Deploy.0 = Release|ARM
		{E81363BA-E478-49C1-BF96-F79BD368AAE4}.AppStore|iPhone.ActiveCfg = Release|x86
		{E81363BA-E478-49C1-BF96-F79BD368AAE4}.AppStore|iPhone.Build.0 = Release|x86
		{E81363BA-E478-49C1-BF96-F79BD368AAE4}.AppStore|iPhone.Deploy.0 = Release|x86
		{E81363BA-E478-49C1-BF96-F79BD368AAE4}.AppStore|iPhoneSimulator.ActiveCfg = Release|x86
		{E81363BA-E478-49C1-BF96-F79BD368AAE4}.AppStore|iPhoneSimulator.Build.0 = Release|x86
		{E81363BA-E478-49C1-BF96-F79BD368AAE4}.AppStore|iPhoneSimulator.Deploy.0 = Release|x86
		{E81363BA-E478-49C1-BF96-F79BD368AAE4}.AppStore|x64.ActiveCfg = Release|x64
		{E81363BA-E478-49C1-BF96-F79BD368AAE4}.AppStore|x64.Build.0 = Release|x64
		{E81363BA-E478-49C1-BF96-F79BD368AAE4}.AppStore|x64.Deploy.0 = Release|x64
		{E81363BA-E478-49C1-BF96-F79BD368AAE4}.AppStore|x86.ActiveCfg = Release|x86
		{E81363BA-E478-49C1-BF96-F79BD368AAE4}.AppStore|x86.Build.0 = Release|x86
		{E81363BA-E478-49C1-BF96-F79BD368AAE4}.AppStore|x86.Deploy.0 = Release|x86
		{E81363BA-E478-49C1-BF96-F79BD368AAE4}.Debug|Any CPU.ActiveCfg = Debug|x86
		{E81363BA-E478-49C1-BF96-F79BD368AAE4}.Debug|ARM.ActiveCfg = Debug|ARM
		{E81363BA-E478-49C1-BF96-F79BD368AAE4}.Debug|ARM.Build.0 = Debug|ARM
		{E81363BA-E478-49C1-BF96-F79BD368AAE4}.Debug|ARM.Deploy.0 = Debug|ARM
		{E81363BA-E478-49C1-BF96-F79BD368AAE4}.Debug|iPhone.ActiveCfg = Debug|x86
		{E81363BA-E478-49C1-BF96-F79BD368AAE4}.Debug|iPhoneSimulator.ActiveCfg = Debug|x86
		{E81363BA-E478-49C1-BF96-F79BD368AAE4}.Debug|x64.ActiveCfg = Debug|x64
		{E81363BA-E478-49C1-BF96-F79BD368AAE4}.Debug|x64.Build.0 = Debug|x64
		{E81363BA-E478-49C1-BF96-F79BD368AAE4}.Debug|x64.Deploy.0 = Debug|x64
		{E81363BA-E478-49C1-BF96-F79BD368AAE4}.Debug|x86.ActiveCfg = Debug|x86
		{E81363BA-E478-49C1-BF96-F79BD368AAE4}.Debug|x86.Build.0 = Debug|x86
		{E81363BA-E478-49C1-BF96-F79BD368AAE4}.Debug|x86.Deploy.0 = Debug|x86
		{E81363BA-E478-49C1-BF96-F79BD368AAE4}.Release|Any CPU.ActiveCfg = Release|x86
		{E81363BA-E478-49C1-BF96-F79BD368AAE4}.Release|ARM.ActiveCfg = Release|ARM
		{E81363BA-E478-49C1-BF96-F79BD368AAE4}.Release|ARM.Build.0 = Release|ARM
		{E81363BA-E478-49C1-BF96-F79BD368AAE4}.Release|ARM.Deploy.0 = Release|ARM
		{E81363BA-E478-49C1-BF96-F79BD368AAE4}.Release|iPhone.ActiveCfg = Release|x86
		{E81363BA-E478-49C1-BF96-F79BD368AAE4}.Release|iPhoneSimulator.ActiveCfg = Release|x86
		{E81363BA-E478-49C1-BF96-F79BD368AAE4}.Release|x64.ActiveCfg = Release|x64
		{E81363BA-E478-49C1-BF96-F79BD368AAE4}.Release|x64.Build.0 = Release|x64
		{E81363BA-E478-49C1-BF96-F79BD368AAE4}.Release|x64.Deploy.0 = Release|x64
		{E81363BA-E478-49C1-BF96-F79BD368AAE4}.Release|x86.ActiveCfg = Release|x86
		{E81363BA-E478-49C1-BF96-F79BD368AAE4}.Release|x86.Build.0 = Release|x86
		{E81363BA-E478-49C1-BF96-F79BD368AAE4}.Release|x86.Deploy.0 = Release|x86
		{B8133985-FD28-4795-8253-CA8783781645}.Ad-Hoc|Any CPU.ActiveCfg = Ad-Hoc|iPhone
		{B8133985-FD28-4795-8253-CA8783781645}.Ad-Hoc|ARM.ActiveCfg = Ad-Hoc|iPhone
		{B8133985-FD28-4795-8253-CA8783781645}.Ad-Hoc|iPhone.ActiveCfg = Ad-Hoc|iPhone
		{B8133985-FD28-4795-8253-CA8783781645}.Ad-Hoc|iPhone.Build.0 = Ad-Hoc|iPhone
		{B8133985-FD28-4795-8253-CA8783781645}.Ad-Hoc|iPhoneSimulator.ActiveCfg = Ad-Hoc|iPhoneSimulator
		{B8133985-FD28-4795-8253-CA8783781645}.Ad-Hoc|iPhoneSimulator.Build.0 = Ad-Hoc|iPhoneSimulator
		{B8133985-FD28-4795-8253-CA8783781645}.Ad-Hoc|x64.ActiveCfg = Ad-Hoc|iPhone
		{B8133985-FD28-4795-8253-CA8783781645}.Ad-Hoc|x86.ActiveCfg = Ad-Hoc|iPhone
		{B8133985-FD28-4795-8253-CA8783781645}.AppStore|Any CPU.ActiveCfg = AppStore|iPhone
		{B8133985-FD28-4795-8253-CA8783781645}.AppStore|ARM.ActiveCfg = AppStore|iPhone
		{B8133985-FD28-4795-8253-CA8783781645}.AppStore|iPhone.ActiveCfg = AppStore|iPhone
		{B8133985-FD28-4795-8253-CA8783781645}.AppStore|iPhone.Build.0 = AppStore|iPhone
		{B8133985-FD28-4795-8253-CA8783781645}.AppStore|iPhoneSimulator.ActiveCfg = AppStore|iPhoneSimulator
		{B8133985-FD28-4795-8253-CA8783781645}.AppStore|iPhoneSimulator.Build.0 = AppStore|iPhoneSimulator
		{B8133985-FD28-4795-8253-CA8783781645}.AppStore|x64.ActiveCfg = AppStore|iPhone
		{B8133985-FD28-4795-8253-CA8783781645}.AppStore|x86.ActiveCfg = AppStore|iPhone
		{B8133985-FD28-4795-8253-CA8783781645}.Debug|Any CPU.ActiveCfg = Debug|iPhone
		{B8133985-FD28-4795-8253-CA8783781645}.Debug|ARM.ActiveCfg = Debug|iPhone
		{B8133985-FD28-4795-8253-CA8783781645}.Debug|iPhone.ActiveCfg = Debug|iPhone
		{B8133985-FD28-4795-8253-CA8783781645}.Debug|iPhone.Build.0 = Debug|iPhone
		{B8133985-FD28-4795-8253-CA8783781645}.Debug|iPhoneSimulator.ActiveCfg = Debug|iPhoneSimulator
		{B8133985-FD28-4795-8253-CA8783781645}.Debug|iPhoneSimulator.Build.0 = Debug|iPhoneSimulator
		{B8133985-FD28-4795-8253-CA8783781645}.Debug|x64.ActiveCfg = Debug|iPhone
		{B8133985-FD28-4795-8253-CA8783781645}.Debug|x86.ActiveCfg = Debug|iPhone
		{B8133985-FD28-4795-8253-CA8783781645}.Release|Any CPU.ActiveCfg = Release|iPhone
		{B8133985-FD28-4795-8253-CA8783781645}.Release|ARM.ActiveCfg = Release|iPhone
		{B8133985-FD28-4795-8253-CA8783781645}.Release|iPhone.ActiveCfg = Release|iPhone
		{B8133985-FD28-4795-8253-CA8783781645}.Release|iPhone.Build.0 = Release|iPhone
		{B8133985-FD28-4795-8253-CA8783781645}.Release|iPhoneSimulator.ActiveCfg = Release|iPhoneSimulator
		{B8133985-FD28-4795-8253-CA8783781645}.Release|iPhoneSimulator.Build.0 = Release|iPhoneSimulator
		{B8133985-FD28-4795-8253-CA8783781645}.Release|x64.ActiveCfg = Release|iPhone
		{B8133985-FD28-4795-8253-CA8783781645}.Release|x86.ActiveCfg = Release|iPhone
	EndGlobalSection
	GlobalSection(SolutionProperties) = preSolution
		HideSolutionNode = FALSE
	EndGlobalSection
EndGlobal
